
Microsoft Visual Studio Solution File, Format Version 12.00
# Visual Studio Version 17
VisualStudioVersion = 17.8.34408.163
MinimumVisualStudioVersion = 10.0.40219.1
Project("{FAE04EC0-301F-11D3-BF4B-00C04F79EFBC}") = "Scanner_jcm", "Scanner_jcm\Scanner_jcm.csproj", "{04DBD0BF-B740-4E30-BDB3-E1EED369EA37}"
EndProject
Global
	GlobalSection(SolutionConfigurationPlatforms) = preSolution
		Debug|Any CPU = Debug|Any CPU
		Release|Any CPU = Release|Any CPU
	EndGlobalSection
	GlobalSection(ProjectConfigurationPlatforms) = postSolution
		{04DBD0BF-B740-4E30-BDB3-E1EED369EA37}.Debug|Any CPU.ActiveCfg = Debug|Any CPU
		{04DBD0BF-B740-4E30-BDB3-E1EED369EA37}.Debug|Any CPU.Build.0 = Debug|Any CPU
		{04DBD0BF-B740-4E30-BDB3-E1EED369EA37}.Release|Any CPU.ActiveCfg = Release|Any CPU
		{04DBD0BF-B740-4E30-BDB3-E1EED369EA37}.Release|Any CPU.Build.0 = Release|Any CPU
	EndGlobalSection
	GlobalSection(SolutionProperties) = preSolution
		HideSolutionNode = FALSE
	EndGlobalSection
	GlobalSection(ExtensibilityGlobals) = postSolution
		SolutionGuid = {FF5DA1E5-B888-47A8-9E9C-F4CC3039B425}
	EndGlobalSection
EndGlobal
